
Microsoft Visual Studio Solution File, Format Version 12.00
# Visual Studio 15
VisualStudioVersion = 15.0.26430.16
MinimumVisualStudioVersion = 10.0.40219.1
Project("{8BC9CEB8-8B4A-11D0-8D11-00A0C91BC942}") = "APMiniGolf", "APMiniGolf\APMiniGolf.vcxproj", "{3315BC5B-28BD-45E4-BBDE-7A5859F3AFEB}"
	ProjectSection(ProjectDependencies) = postProject
		{FCABE9BE-674A-4622-B554-F5546172E772} = {FCABE9BE-674A-4622-B554-F5546172E772}
	EndProjectSection
EndProject
Project("{8BC9CEB8-8B4A-11D0-8D11-00A0C91BC942}") = "3DEngine", "3DEngine\3DEngine.vcxproj", "{FCABE9BE-674A-4622-B554-F5546172E772}"
EndProject
Global
	GlobalSection(SolutionConfigurationPlatforms) = preSolution
		Debug|x64 = Debug|x64
		Debug|x86 = Debug|x86
		Release|x64 = Release|x64
		Release|x86 = Release|x86
	EndGlobalSection
	GlobalSection(ProjectConfigurationPlatforms) = postSolution
		{3315BC5B-28BD-45E4-BBDE-7A5859F3AFEB}.Debug|x64.ActiveCfg = Debug|x64
		{3315BC5B-28BD-45E4-BBDE-7A5859F3AFEB}.Debug|x64.Build.0 = Debug|x64
		{3315BC5B-28BD-45E4-BBDE-7A5859F3AFEB}.Debug|x86.ActiveCfg = Debug|Win32
		{3315BC5B-28BD-45E4-BBDE-7A5859F3AFEB}.Debug|x86.Build.0 = Debug|Win32
		{3315BC5B-28BD-45E4-BBDE-7A5859F3AFEB}.Release|x64.ActiveCfg = Release|x64
		{3315BC5B-28BD-45E4-BBDE-7A5859F3AFEB}.Release|x64.Build.0 = Release|x64
		{3315BC5B-28BD-45E4-BBDE-7A5859F3AFEB}.Release|x86.ActiveCfg = Release|Win32
		{3315BC5B-28BD-45E4-BBDE-7A5859F3AFEB}.Release|x86.Build.0 = Release|Win32
		{FCABE9BE-674A-4622-B554-F5546172E772}.Debug|x64.ActiveCfg = Debug|x64
		{FCABE9BE-674A-4622-B554-F5546172E772}.Debug|x64.Build.0 = Debug|x64
		{FCABE9BE-674A-4622-B554-F5546172E772}.Debug|x86.ActiveCfg = Debug|Win32
		{FCABE9BE-674A-4622-B554-F5546172E772}.Debug|x86.Build.0 = Debug|Win32
		{FCABE9BE-674A-4622-B554-F5546172E772}.Release|x64.ActiveCfg = Release|x64
		{FCABE9BE-674A-4622-B554-F5546172E772}.Release|x64.Build.0 = Release|x64
		{FCABE9BE-674A-4622-B554-F5546172E772}.Release|x86.ActiveCfg = Release|Win32
		{FCABE9BE-674A-4622-B554-F5546172E772}.Release|x86.Build.0 = Release|Win32
	EndGlobalSection
	GlobalSection(SolutionProperties) = preSolution
		HideSolutionNode = FALSE
	EndGlobalSection
EndGlobal
