
Microsoft Visual Studio Solution File, Format Version 12.00
# Visual Studio 15
VisualStudioVersion = 15.0.26430.16
MinimumVisualStudioVersion = 10.0.40219.1
Project("{8BC9CEB8-8B4A-11D0-8D11-00A0C91BC942}") = "APMiniGolf", "APMiniGolf\APMiniGolf.vcxproj", "{3315BC5B-28BD-45E4-BBDE-7A5859F3AFEB}"
	ProjectSection(ProjectDependencies) = postProject
		{0E08F894-4BDE-4066-932C-7A785CE8366E} = {0E08F894-4BDE-4066-932C-7A785CE8366E}
		{98025FFC-9C7D-4380-A5A8-661D5DB6973C} = {98025FFC-9C7D-4380-A5A8-661D5DB6973C}
	EndProjectSection
EndProject
Project("{8BC9CEB8-8B4A-11D0-8D11-00A0C91BC942}") = "RenderingEngine", "RenderingEngine\RenderingEngine.vcxproj", "{98025FFC-9C7D-4380-A5A8-661D5DB6973C}"
EndProject
Project("{8BC9CEB8-8B4A-11D0-8D11-00A0C91BC942}") = "CoreEngine", "CoreEngine\CoreEngine.vcxproj", "{0E08F894-4BDE-4066-932C-7A785CE8366E}"
EndProject
Project("{8BC9CEB8-8B4A-11D0-8D11-00A0C91BC942}") = "PhysicsEngine", "PhysicsEngine\PhysicsEngine.vcxproj", "{DE1766F7-5949-4015-AB17-230A2BD48C0A}"
EndProject
Global
	GlobalSection(SolutionConfigurationPlatforms) = preSolution
		Debug|x64 = Debug|x64
		Debug|x86 = Debug|x86
		Release|x64 = Release|x64
		Release|x86 = Release|x86
	EndGlobalSection
	GlobalSection(ProjectConfigurationPlatforms) = postSolution
		{3315BC5B-28BD-45E4-BBDE-7A5859F3AFEB}.Debug|x64.ActiveCfg = Debug|x64
		{3315BC5B-28BD-45E4-BBDE-7A5859F3AFEB}.Debug|x64.Build.0 = Debug|x64
		{3315BC5B-28BD-45E4-BBDE-7A5859F3AFEB}.Debug|x86.ActiveCfg = Debug|Win32
		{3315BC5B-28BD-45E4-BBDE-7A5859F3AFEB}.Debug|x86.Build.0 = Debug|Win32
		{3315BC5B-28BD-45E4-BBDE-7A5859F3AFEB}.Release|x64.ActiveCfg = Release|x64
		{3315BC5B-28BD-45E4-BBDE-7A5859F3AFEB}.Release|x64.Build.0 = Release|x64
		{3315BC5B-28BD-45E4-BBDE-7A5859F3AFEB}.Release|x86.ActiveCfg = Release|Win32
		{3315BC5B-28BD-45E4-BBDE-7A5859F3AFEB}.Release|x86.Build.0 = Release|Win32
		{98025FFC-9C7D-4380-A5A8-661D5DB6973C}.Debug|x64.ActiveCfg = Debug|x64
		{98025FFC-9C7D-4380-A5A8-661D5DB6973C}.Debug|x64.Build.0 = Debug|x64
		{98025FFC-9C7D-4380-A5A8-661D5DB6973C}.Debug|x86.ActiveCfg = Debug|Win32
		{98025FFC-9C7D-4380-A5A8-661D5DB6973C}.Debug|x86.Build.0 = Debug|Win32
		{98025FFC-9C7D-4380-A5A8-661D5DB6973C}.Release|x64.ActiveCfg = Release|x64
		{98025FFC-9C7D-4380-A5A8-661D5DB6973C}.Release|x64.Build.0 = Release|x64
		{98025FFC-9C7D-4380-A5A8-661D5DB6973C}.Release|x86.ActiveCfg = Release|Win32
		{98025FFC-9C7D-4380-A5A8-661D5DB6973C}.Release|x86.Build.0 = Release|Win32
		{0E08F894-4BDE-4066-932C-7A785CE8366E}.Debug|x64.ActiveCfg = Debug|x64
		{0E08F894-4BDE-4066-932C-7A785CE8366E}.Debug|x64.Build.0 = Debug|x64
		{0E08F894-4BDE-4066-932C-7A785CE8366E}.Debug|x86.ActiveCfg = Debug|Win32
		{0E08F894-4BDE-4066-932C-7A785CE8366E}.Debug|x86.Build.0 = Debug|Win32
		{0E08F894-4BDE-4066-932C-7A785CE8366E}.Release|x64.ActiveCfg = Release|x64
		{0E08F894-4BDE-4066-932C-7A785CE8366E}.Release|x64.Build.0 = Release|x64
		{0E08F894-4BDE-4066-932C-7A785CE8366E}.Release|x86.ActiveCfg = Release|Win32
		{0E08F894-4BDE-4066-932C-7A785CE8366E}.Release|x86.Build.0 = Release|Win32
		{DE1766F7-5949-4015-AB17-230A2BD48C0A}.Debug|x64.ActiveCfg = Debug|x64
		{DE1766F7-5949-4015-AB17-230A2BD48C0A}.Debug|x64.Build.0 = Debug|x64
		{DE1766F7-5949-4015-AB17-230A2BD48C0A}.Debug|x86.ActiveCfg = Debug|Win32
		{DE1766F7-5949-4015-AB17-230A2BD48C0A}.Debug|x86.Build.0 = Debug|Win32
		{DE1766F7-5949-4015-AB17-230A2BD48C0A}.Release|x64.ActiveCfg = Release|x64
		{DE1766F7-5949-4015-AB17-230A2BD48C0A}.Release|x64.Build.0 = Release|x64
		{DE1766F7-5949-4015-AB17-230A2BD48C0A}.Release|x86.ActiveCfg = Release|Win32
		{DE1766F7-5949-4015-AB17-230A2BD48C0A}.Release|x86.Build.0 = Release|Win32
	EndGlobalSection
	GlobalSection(SolutionProperties) = preSolution
		HideSolutionNode = FALSE
	EndGlobalSection
EndGlobal
