
Microsoft Visual Studio Solution File, Format Version 12.00
# Visual Studio 15
VisualStudioVersion = 15.0.26430.16
MinimumVisualStudioVersion = 10.0.40219.1
Project("{8BC9CEB8-8B4A-11D0-8D11-00A0C91BC942}") = "Mini-Golf", "Mini-Golf\Mini-Golf.vcxproj", "{CECE4939-C901-4639-AB4A-ECC1855FD3FC}"
	ProjectSection(ProjectDependencies) = postProject
		{326B52E7-92F9-47F9-9E59-A9D352258491} = {326B52E7-92F9-47F9-9E59-A9D352258491}
	EndProjectSection
EndProject
Project("{8BC9CEB8-8B4A-11D0-8D11-00A0C91BC942}") = "3DEngine", "3DEngine\3DEngine.vcxproj", "{326B52E7-92F9-47F9-9E59-A9D352258491}"
EndProject
Global
	GlobalSection(SolutionConfigurationPlatforms) = preSolution
		Debug|x64 = Debug|x64
		Debug|x86 = Debug|x86
		Release|x64 = Release|x64
		Release|x86 = Release|x86
	EndGlobalSection
	GlobalSection(ProjectConfigurationPlatforms) = postSolution
		{CECE4939-C901-4639-AB4A-ECC1855FD3FC}.Debug|x64.ActiveCfg = Debug|x64
		{CECE4939-C901-4639-AB4A-ECC1855FD3FC}.Debug|x64.Build.0 = Debug|x64
		{CECE4939-C901-4639-AB4A-ECC1855FD3FC}.Debug|x86.ActiveCfg = Debug|Win32
		{CECE4939-C901-4639-AB4A-ECC1855FD3FC}.Debug|x86.Build.0 = Debug|Win32
		{CECE4939-C901-4639-AB4A-ECC1855FD3FC}.Release|x64.ActiveCfg = Release|x64
		{CECE4939-C901-4639-AB4A-ECC1855FD3FC}.Release|x64.Build.0 = Release|x64
		{CECE4939-C901-4639-AB4A-ECC1855FD3FC}.Release|x86.ActiveCfg = Release|Win32
		{CECE4939-C901-4639-AB4A-ECC1855FD3FC}.Release|x86.Build.0 = Release|Win32
		{326B52E7-92F9-47F9-9E59-A9D352258491}.Debug|x64.ActiveCfg = Debug|x64
		{326B52E7-92F9-47F9-9E59-A9D352258491}.Debug|x64.Build.0 = Debug|x64
		{326B52E7-92F9-47F9-9E59-A9D352258491}.Debug|x86.ActiveCfg = Debug|Win32
		{326B52E7-92F9-47F9-9E59-A9D352258491}.Debug|x86.Build.0 = Debug|Win32
		{326B52E7-92F9-47F9-9E59-A9D352258491}.Release|x64.ActiveCfg = Release|x64
		{326B52E7-92F9-47F9-9E59-A9D352258491}.Release|x64.Build.0 = Release|x64
		{326B52E7-92F9-47F9-9E59-A9D352258491}.Release|x86.ActiveCfg = Release|Win32
		{326B52E7-92F9-47F9-9E59-A9D352258491}.Release|x86.Build.0 = Release|Win32
	EndGlobalSection
	GlobalSection(SolutionProperties) = preSolution
		HideSolutionNode = FALSE
	EndGlobalSection
EndGlobal
